// !$*UTF8*$!
{
	archiveVersion = 1;
	classes = {
	};
	objectVersion = 56;
	objects = {

/* Begin PBXBuildFile section */
		C598C73F29CBE11B006210CA /* MyCameraApp.swift in Sources */ = {isa = PBXBuildFile; fileRef = C598C73E29CBE11B006210CA /* MyCameraApp.swift */; };
		C598C74129CBE11B006210CA /* ContentView.swift in Sources */ = {isa = PBXBuildFile; fileRef = C598C74029CBE11B006210CA /* ContentView.swift */; };
		C598C74329CBE11D006210CA /* Assets.xcassets in Resources */ = {isa = PBXBuildFile; fileRef = C598C74229CBE11D006210CA /* Assets.xcassets */; };
		C598C74629CBE11D006210CA /* Preview Assets.xcassets in Resources */ = {isa = PBXBuildFile; fileRef = C598C74529CBE11D006210CA /* Preview Assets.xcassets */; };
		C598C75029CBE11D006210CA /* MyCameraTests.swift in Sources */ = {isa = PBXBuildFile; fileRef = C598C74F29CBE11D006210CA /* MyCameraTests.swift */; };
		C598C75A29CBE11D006210CA /* MyCameraUITests.swift in Sources */ = {isa = PBXBuildFile; fileRef = C598C75929CBE11D006210CA /* MyCameraUITests.swift */; };
		C598C75C29CBE11D006210CA /* MyCameraUITestsLaunchTests.swift in Sources */ = {isa = PBXBuildFile; fileRef = C598C75B29CBE11D006210CA /* MyCameraUITestsLaunchTests.swift */; };
		C598C76929CC0E09006210CA /* ImagePickerView.swift in Sources */ = {isa = PBXBuildFile; fileRef = C598C76829CC0E09006210CA /* ImagePickerView.swift */; };
		C598C76B29CC284C006210CA /* EffectView.swift in Sources */ = {isa = PBXBuildFile; fileRef = C598C76A29CC284C006210CA /* EffectView.swift */; };
/* End PBXBuildFile section */

/* Begin PBXContainerItemProxy section */
		C598C74C29CBE11D006210CA /* PBXContainerItemProxy */ = {
			isa = PBXContainerItemProxy;
			containerPortal = C598C73329CBE11B006210CA /* Project object */;
			proxyType = 1;
			remoteGlobalIDString = C598C73A29CBE11B006210CA;
			remoteInfo = MyCamera;
		};
		C598C75629CBE11D006210CA /* PBXContainerItemProxy */ = {
			isa = PBXContainerItemProxy;
			containerPortal = C598C73329CBE11B006210CA /* Project object */;
			proxyType = 1;
			remoteGlobalIDString = C598C73A29CBE11B006210CA;
			remoteInfo = MyCamera;
		};
/* End PBXContainerItemProxy section */

/* Begin PBXFileReference section */
		C598C73B29CBE11B006210CA /* MyCamera.app */ = {isa = PBXFileReference; explicitFileType = wrapper.application; includeInIndex = 0; path = MyCamera.app; sourceTree = BUILT_PRODUCTS_DIR; };
		C598C73E29CBE11B006210CA /* MyCameraApp.swift */ = {isa = PBXFileReference; lastKnownFileType = sourcecode.swift; path = MyCameraApp.swift; sourceTree = "<group>"; };
		C598C74029CBE11B006210CA /* ContentView.swift */ = {isa = PBXFileReference; lastKnownFileType = sourcecode.swift; path = ContentView.swift; sourceTree = "<group>"; };
		C598C74229CBE11D006210CA /* Assets.xcassets */ = {isa = PBXFileReference; lastKnownFileType = folder.assetcatalog; path = Assets.xcassets; sourceTree = "<group>"; };
		C598C74529CBE11D006210CA /* Preview Assets.xcassets */ = {isa = PBXFileReference; lastKnownFileType = folder.assetcatalog; path = "Preview Assets.xcassets"; sourceTree = "<group>"; };
		C598C74B29CBE11D006210CA /* MyCameraTests.xctest */ = {isa = PBXFileReference; explicitFileType = wrapper.cfbundle; includeInIndex = 0; path = MyCameraTests.xctest; sourceTree = BUILT_PRODUCTS_DIR; };
		C598C74F29CBE11D006210CA /* MyCameraTests.swift */ = {isa = PBXFileReference; lastKnownFileType = sourcecode.swift; path = MyCameraTests.swift; sourceTree = "<group>"; };
		C598C75529CBE11D006210CA /* MyCameraUITests.xctest */ = {isa = PBXFileReference; explicitFileType = wrapper.cfbundle; includeInIndex = 0; path = MyCameraUITests.xctest; sourceTree = BUILT_PRODUCTS_DIR; };
		C598C75929CBE11D006210CA /* MyCameraUITests.swift */ = {isa = PBXFileReference; lastKnownFileType = sourcecode.swift; path = MyCameraUITests.swift; sourceTree = "<group>"; };
		C598C75B29CBE11D006210CA /* MyCameraUITestsLaunchTests.swift */ = {isa = PBXFileReference; lastKnownFileType = sourcecode.swift; path = MyCameraUITestsLaunchTests.swift; sourceTree = "<group>"; };
		C598C76829CC0E09006210CA /* ImagePickerView.swift */ = {isa = PBXFileReference; lastKnownFileType = sourcecode.swift; path = ImagePickerView.swift; sourceTree = "<group>"; };
		C598C76A29CC284C006210CA /* EffectView.swift */ = {isa = PBXFileReference; lastKnownFileType = sourcecode.swift; path = EffectView.swift; sourceTree = "<group>"; };
/* End PBXFileReference section */

/* Begin PBXFrameworksBuildPhase section */
		C598C73829CBE11B006210CA /* Frameworks */ = {
			isa = PBXFrameworksBuildPhase;
			buildActionMask = 2147483647;
			files = (
			);
			runOnlyForDeploymentPostprocessing = 0;
		};
		C598C74829CBE11D006210CA /* Frameworks */ = {
			isa = PBXFrameworksBuildPhase;
			buildActionMask = 2147483647;
			files = (
			);
			runOnlyForDeploymentPostprocessing = 0;
		};
		C598C75229CBE11D006210CA /* Frameworks */ = {
			isa = PBXFrameworksBuildPhase;
			buildActionMask = 2147483647;
			files = (
			);
			runOnlyForDeploymentPostprocessing = 0;
		};
/* End PBXFrameworksBuildPhase section */

/* Begin PBXGroup section */
		C598C73229CBE11B006210CA = {
			isa = PBXGroup;
			children = (
				C598C73D29CBE11B006210CA /* MyCamera */,
				C598C74E29CBE11D006210CA /* MyCameraTests */,
				C598C75829CBE11D006210CA /* MyCameraUITests */,
				C598C73C29CBE11B006210CA /* Products */,
			);
			sourceTree = "<group>";
		};
		C598C73C29CBE11B006210CA /* Products */ = {
			isa = PBXGroup;
			children = (
				C598C73B29CBE11B006210CA /* MyCamera.app */,
				C598C74B29CBE11D006210CA /* MyCameraTests.xctest */,
				C598C75529CBE11D006210CA /* MyCameraUITests.xctest */,
			);
			name = Products;
			sourceTree = "<group>";
		};
		C598C73D29CBE11B006210CA /* MyCamera */ = {
			isa = PBXGroup;
			children = (
				C598C73E29CBE11B006210CA /* MyCameraApp.swift */,
				C598C74029CBE11B006210CA /* ContentView.swift */,
				C598C76A29CC284C006210CA /* EffectView.swift */,
				C598C76829CC0E09006210CA /* ImagePickerView.swift */,
				C598C74229CBE11D006210CA /* Assets.xcassets */,
				C598C74429CBE11D006210CA /* Preview Content */,
			);
			path = MyCamera;
			sourceTree = "<group>";
		};
		C598C74429CBE11D006210CA /* Preview Content */ = {
			isa = PBXGroup;
			children = (
				C598C74529CBE11D006210CA /* Preview Assets.xcassets */,
			);
			path = "Preview Content";
			sourceTree = "<group>";
		};
		C598C74E29CBE11D006210CA /* MyCameraTests */ = {
			isa = PBXGroup;
			children = (
				C598C74F29CBE11D006210CA /* MyCameraTests.swift */,
			);
			path = MyCameraTests;
			sourceTree = "<group>";
		};
		C598C75829CBE11D006210CA /* MyCameraUITests */ = {
			isa = PBXGroup;
			children = (
				C598C75929CBE11D006210CA /* MyCameraUITests.swift */,
				C598C75B29CBE11D006210CA /* MyCameraUITestsLaunchTests.swift */,
			);
			path = MyCameraUITests;
			sourceTree = "<group>";
		};
/* End PBXGroup section */

/* Begin PBXNativeTarget section */
		C598C73A29CBE11B006210CA /* MyCamera */ = {
			isa = PBXNativeTarget;
			buildConfigurationList = C598C75F29CBE11D006210CA /* Build configuration list for PBXNativeTarget "MyCamera" */;
			buildPhases = (
				C598C73729CBE11B006210CA /* Sources */,
				C598C73829CBE11B006210CA /* Frameworks */,
				C598C73929CBE11B006210CA /* Resources */,
			);
			buildRules = (
			);
			dependencies = (
			);
			name = MyCamera;
			productName = MyCamera;
			productReference = C598C73B29CBE11B006210CA /* MyCamera.app */;
			productType = "com.apple.product-type.application";
		};
		C598C74A29CBE11D006210CA /* MyCameraTests */ = {
			isa = PBXNativeTarget;
			buildConfigurationList = C598C76229CBE11D006210CA /* Build configuration list for PBXNativeTarget "MyCameraTests" */;
			buildPhases = (
				C598C74729CBE11D006210CA /* Sources */,
				C598C74829CBE11D006210CA /* Frameworks */,
				C598C74929CBE11D006210CA /* Resources */,
			);
			buildRules = (
			);
			dependencies = (
				C598C74D29CBE11D006210CA /* PBXTargetDependency */,
			);
			name = MyCameraTests;
			productName = MyCameraTests;
			productReference = C598C74B29CBE11D006210CA /* MyCameraTests.xctest */;
			productType = "com.apple.product-type.bundle.unit-test";
		};
		C598C75429CBE11D006210CA /* MyCameraUITests */ = {
			isa = PBXNativeTarget;
			buildConfigurationList = C598C76529CBE11D006210CA /* Build configuration list for PBXNativeTarget "MyCameraUITests" */;
			buildPhases = (
				C598C75129CBE11D006210CA /* Sources */,
				C598C75229CBE11D006210CA /* Frameworks */,
				C598C75329CBE11D006210CA /* Resources */,
			);
			buildRules = (
			);
			dependencies = (
				C598C75729CBE11D006210CA /* PBXTargetDependency */,
			);
			name = MyCameraUITests;
			productName = MyCameraUITests;
			productReference = C598C75529CBE11D006210CA /* MyCameraUITests.xctest */;
			productType = "com.apple.product-type.bundle.ui-testing";
		};
/* End PBXNativeTarget section */

/* Begin PBXProject section */
		C598C73329CBE11B006210CA /* Project object */ = {
			isa = PBXProject;
			attributes = {
				BuildIndependentTargetsInParallel = 1;
				LastSwiftUpdateCheck = 1420;
				LastUpgradeCheck = 1420;
				TargetAttributes = {
					C598C73A29CBE11B006210CA = {
						CreatedOnToolsVersion = 14.2;
					};
					C598C74A29CBE11D006210CA = {
						CreatedOnToolsVersion = 14.2;
						TestTargetID = C598C73A29CBE11B006210CA;
					};
					C598C75429CBE11D006210CA = {
						CreatedOnToolsVersion = 14.2;
						TestTargetID = C598C73A29CBE11B006210CA;
					};
				};
			};
			buildConfigurationList = C598C73629CBE11B006210CA /* Build configuration list for PBXProject "MyCamera" */;
			compatibilityVersion = "Xcode 14.0";
			developmentRegion = en;
			hasScannedForEncodings = 0;
			knownRegions = (
				en,
				Base,
			);
			mainGroup = C598C73229CBE11B006210CA;
			productRefGroup = C598C73C29CBE11B006210CA /* Products */;
			projectDirPath = "";
			projectRoot = "";
			targets = (
				C598C73A29CBE11B006210CA /* MyCamera */,
				C598C74A29CBE11D006210CA /* MyCameraTests */,
				C598C75429CBE11D006210CA /* MyCameraUITests */,
			);
		};
/* End PBXProject section */

/* Begin PBXResourcesBuildPhase section */
		C598C73929CBE11B006210CA /* Resources */ = {
			isa = PBXResourcesBuildPhase;
			buildActionMask = 2147483647;
			files = (
				C598C74629CBE11D006210CA /* Preview Assets.xcassets in Resources */,
				C598C74329CBE11D006210CA /* Assets.xcassets in Resources */,
			);
			runOnlyForDeploymentPostprocessing = 0;
		};
		C598C74929CBE11D006210CA /* Resources */ = {
			isa = PBXResourcesBuildPhase;
			buildActionMask = 2147483647;
			files = (
			);
			runOnlyForDeploymentPostprocessing = 0;
		};
		C598C75329CBE11D006210CA /* Resources */ = {
			isa = PBXResourcesBuildPhase;
			buildActionMask = 2147483647;
			files = (
			);
			runOnlyForDeploymentPostprocessing = 0;
		};
/* End PBXResourcesBuildPhase section */

/* Begin PBXSourcesBuildPhase section */
		C598C73729CBE11B006210CA /* Sources */ = {
			isa = PBXSourcesBuildPhase;
			buildActionMask = 2147483647;
			files = (
				C598C74129CBE11B006210CA /* ContentView.swift in Sources */,
				C598C76929CC0E09006210CA /* ImagePickerView.swift in Sources */,
				C598C73F29CBE11B006210CA /* MyCameraApp.swift in Sources */,
				C598C76B29CC284C006210CA /* EffectView.swift in Sources */,
			);
			runOnlyForDeploymentPostprocessing = 0;
		};
		C598C74729CBE11D006210CA /* Sources */ = {
			isa = PBXSourcesBuildPhase;
			buildActionMask = 2147483647;
			files = (
				C598C75029CBE11D006210CA /* MyCameraTests.swift in Sources */,
			);
			runOnlyForDeploymentPostprocessing = 0;
		};
		C598C75129CBE11D006210CA /* Sources */ = {
			isa = PBXSourcesBuildPhase;
			buildActionMask = 2147483647;
			files = (
				C598C75C29CBE11D006210CA /* MyCameraUITestsLaunchTests.swift in Sources */,
				C598C75A29CBE11D006210CA /* MyCameraUITests.swift in Sources */,
			);
			runOnlyForDeploymentPostprocessing = 0;
		};
/* End PBXSourcesBuildPhase section */

/* Begin PBXTargetDependency section */
		C598C74D29CBE11D006210CA /* PBXTargetDependency */ = {
			isa = PBXTargetDependency;
			target = C598C73A29CBE11B006210CA /* MyCamera */;
			targetProxy = C598C74C29CBE11D006210CA /* PBXContainerItemProxy */;
		};
		C598C75729CBE11D006210CA /* PBXTargetDependency */ = {
			isa = PBXTargetDependency;
			target = C598C73A29CBE11B006210CA /* MyCamera */;
			targetProxy = C598C75629CBE11D006210CA /* PBXContainerItemProxy */;
		};
/* End PBXTargetDependency section */

/* Begin XCBuildConfiguration section */
		C598C75D29CBE11D006210CA /* Debug */ = {
			isa = XCBuildConfiguration;
			buildSettings = {
				ALWAYS_SEARCH_USER_PATHS = NO;
				CLANG_ANALYZER_NONNULL = YES;
				CLANG_ANALYZER_NUMBER_OBJECT_CONVERSION = YES_AGGRESSIVE;
				CLANG_CXX_LANGUAGE_STANDARD = "gnu++20";
				CLANG_ENABLE_MODULES = YES;
				CLANG_ENABLE_OBJC_ARC = YES;
				CLANG_ENABLE_OBJC_WEAK = YES;
				CLANG_WARN_BLOCK_CAPTURE_AUTORELEASING = YES;
				CLANG_WARN_BOOL_CONVERSION = YES;
				CLANG_WARN_COMMA = YES;
				CLANG_WARN_CONSTANT_CONVERSION = YES;
				CLANG_WARN_DEPRECATED_OBJC_IMPLEMENTATIONS = YES;
				CLANG_WARN_DIRECT_OBJC_ISA_USAGE = YES_ERROR;
				CLANG_WARN_DOCUMENTATION_COMMENTS = YES;
				CLANG_WARN_EMPTY_BODY = YES;
				CLANG_WARN_ENUM_CONVERSION = YES;
				CLANG_WARN_INFINITE_RECURSION = YES;
				CLANG_WARN_INT_CONVERSION = YES;
				CLANG_WARN_NON_LITERAL_NULL_CONVERSION = YES;
				CLANG_WARN_OBJC_IMPLICIT_RETAIN_SELF = YES;
				CLANG_WARN_OBJC_LITERAL_CONVERSION = YES;
				CLANG_WARN_OBJC_ROOT_CLASS = YES_ERROR;
				CLANG_WARN_QUOTED_INCLUDE_IN_FRAMEWORK_HEADER = YES;
				CLANG_WARN_RANGE_LOOP_ANALYSIS = YES;
				CLANG_WARN_STRICT_PROTOTYPES = YES;
				CLANG_WARN_SUSPICIOUS_MOVE = YES;
				CLANG_WARN_UNGUARDED_AVAILABILITY = YES_AGGRESSIVE;
				CLANG_WARN_UNREACHABLE_CODE = YES;
				CLANG_WARN__DUPLICATE_METHOD_MATCH = YES;
				COPY_PHASE_STRIP = NO;
				DEBUG_INFORMATION_FORMAT = dwarf;
				ENABLE_STRICT_OBJC_MSGSEND = YES;
				ENABLE_TESTABILITY = YES;
				GCC_C_LANGUAGE_STANDARD = gnu11;
				GCC_DYNAMIC_NO_PIC = NO;
				GCC_NO_COMMON_BLOCKS = YES;
				GCC_OPTIMIZATION_LEVEL = 0;
				GCC_PREPROCESSOR_DEFINITIONS = (
					"DEBUG=1",
					"$(inherited)",
				);
				GCC_WARN_64_TO_32_BIT_CONVERSION = YES;
				GCC_WARN_ABOUT_RETURN_TYPE = YES_ERROR;
				GCC_WARN_UNDECLARED_SELECTOR = YES;
				GCC_WARN_UNINITIALIZED_AUTOS = YES_AGGRESSIVE;
				GCC_WARN_UNUSED_FUNCTION = YES;
				GCC_WARN_UNUSED_VARIABLE = YES;
				IPHONEOS_DEPLOYMENT_TARGET = 16.2;
				MTL_ENABLE_DEBUG_INFO = INCLUDE_SOURCE;
				MTL_FAST_MATH = YES;
				ONLY_ACTIVE_ARCH = YES;
				SDKROOT = iphoneos;
				SWIFT_ACTIVE_COMPILATION_CONDITIONS = DEBUG;
				SWIFT_OPTIMIZATION_LEVEL = "-Onone";
			};
			name = Debug;
		};
		C598C75E29CBE11D006210CA /* Release */ = {
			isa = XCBuildConfiguration;
			buildSettings = {
				ALWAYS_SEARCH_USER_PATHS = NO;
				CLANG_ANALYZER_NONNULL = YES;
				CLANG_ANALYZER_NUMBER_OBJECT_CONVERSION = YES_AGGRESSIVE;
				CLANG_CXX_LANGUAGE_STANDARD = "gnu++20";
				CLANG_ENABLE_MODULES = YES;
				CLANG_ENABLE_OBJC_ARC = YES;
				CLANG_ENABLE_OBJC_WEAK = YES;
				CLANG_WARN_BLOCK_CAPTURE_AUTORELEASING = YES;
				CLANG_WARN_BOOL_CONVERSION = YES;
				CLANG_WARN_COMMA = YES;
				CLANG_WARN_CONSTANT_CONVERSION = YES;
				CLANG_WARN_DEPRECATED_OBJC_IMPLEMENTATIONS = YES;
				CLANG_WARN_DIRECT_OBJC_ISA_USAGE = YES_ERROR;
				CLANG_WARN_DOCUMENTATION_COMMENTS = YES;
				CLANG_WARN_EMPTY_BODY = YES;
				CLANG_WARN_ENUM_CONVERSION = YES;
				CLANG_WARN_INFINITE_RECURSION = YES;
				CLANG_WARN_INT_CONVERSION = YES;
				CLANG_WARN_NON_LITERAL_NULL_CONVERSION = YES;
				CLANG_WARN_OBJC_IMPLICIT_RETAIN_SELF = YES;
				CLANG_WARN_OBJC_LITERAL_CONVERSION = YES;
				CLANG_WARN_OBJC_ROOT_CLASS = YES_ERROR;
				CLANG_WARN_QUOTED_INCLUDE_IN_FRAMEWORK_HEADER = YES;
				CLANG_WARN_RANGE_LOOP_ANALYSIS = YES;
				CLANG_WARN_STRICT_PROTOTYPES = YES;
				CLANG_WARN_SUSPICIOUS_MOVE = YES;
				CLANG_WARN_UNGUARDED_AVAILABILITY = YES_AGGRESSIVE;
				CLANG_WARN_UNREACHABLE_CODE = YES;
				CLANG_WARN__DUPLICATE_METHOD_MATCH = YES;
				COPY_PHASE_STRIP = NO;
				DEBUG_INFORMATION_FORMAT = "dwarf-with-dsym";
				ENABLE_NS_ASSERTIONS = NO;
				ENABLE_STRICT_OBJC_MSGSEND = YES;
				GCC_C_LANGUAGE_STANDARD = gnu11;
				GCC_NO_COMMON_BLOCKS = YES;
				GCC_WARN_64_TO_32_BIT_CONVERSION = YES;
				GCC_WARN_ABOUT_RETURN_TYPE = YES_ERROR;
				GCC_WARN_UNDECLARED_SELECTOR = YES;
				GCC_WARN_UNINITIALIZED_AUTOS = YES_AGGRESSIVE;
				GCC_WARN_UNUSED_FUNCTION = YES;
				GCC_WARN_UNUSED_VARIABLE = YES;
				IPHONEOS_DEPLOYMENT_TARGET = 16.2;
				MTL_ENABLE_DEBUG_INFO = NO;
				MTL_FAST_MATH = YES;
				SDKROOT = iphoneos;
				SWIFT_COMPILATION_MODE = wholemodule;
				SWIFT_OPTIMIZATION_LEVEL = "-O";
				VALIDATE_PRODUCT = YES;
			};
			name = Release;
		};
		C598C76029CBE11D006210CA /* Debug */ = {
			isa = XCBuildConfiguration;
			buildSettings = {
				ASSETCATALOG_COMPILER_APPICON_NAME = AppIcon;
				ASSETCATALOG_COMPILER_GLOBAL_ACCENT_COLOR_NAME = AccentColor;
				CODE_SIGN_STYLE = Automatic;
				CURRENT_PROJECT_VERSION = 1;
				DEVELOPMENT_ASSET_PATHS = "\"MyCamera/Preview Content\"";
				DEVELOPMENT_TEAM = 7PU4G736RJ;
				ENABLE_PREVIEWS = YES;
				GENERATE_INFOPLIST_FILE = YES;
				INFOPLIST_KEY_NSCameraUsageDescription = "写真を撮影するためにカメラを利用します。";
				INFOPLIST_KEY_UIApplicationSceneManifest_Generation = YES;
				INFOPLIST_KEY_UIApplicationSupportsIndirectInputEvents = YES;
				INFOPLIST_KEY_UILaunchScreen_Generation = YES;
				INFOPLIST_KEY_UISupportedInterfaceOrientations_iPad = "UIInterfaceOrientationPortrait UIInterfaceOrientationPortraitUpsideDown UIInterfaceOrientationLandscapeLeft UIInterfaceOrientationLandscapeRight";
				INFOPLIST_KEY_UISupportedInterfaceOrientations_iPhone = "UIInterfaceOrientationPortrait UIInterfaceOrientationLandscapeLeft UIInterfaceOrientationLandscapeRight";
				LD_RUNPATH_SEARCH_PATHS = (
					"$(inherited)",
					"@executable_path/Frameworks",
				);
				MARKETING_VERSION = 1.0;
				PRODUCT_BUNDLE_IDENTIFIER = "eiki-ogawa-x-power.co.jp.MyCamera";
				PRODUCT_NAME = "$(TARGET_NAME)";
				SWIFT_EMIT_LOC_STRINGS = YES;
				SWIFT_VERSION = 5.0;
				TARGETED_DEVICE_FAMILY = "1,2";
			};
			name = Debug;
		};
		C598C76129CBE11D006210CA /* Release */ = {
			isa = XCBuildConfiguration;
			buildSettings = {
				ASSETCATALOG_COMPILER_APPICON_NAME = AppIcon;
				ASSETCATALOG_COMPILER_GLOBAL_ACCENT_COLOR_NAME = AccentColor;
				CODE_SIGN_STYLE = Automatic;
				CURRENT_PROJECT_VERSION = 1;
				DEVELOPMENT_ASSET_PATHS = "\"MyCamera/Preview Content\"";
				DEVELOPMENT_TEAM = 7PU4G736RJ;
				ENABLE_PREVIEWS = YES;
				GENERATE_INFOPLIST_FILE = YES;
				INFOPLIST_KEY_NSCameraUsageDescription = "写真を撮影するためにカメラを利用します。";
				INFOPLIST_KEY_UIApplicationSceneManifest_Generation = YES;
				INFOPLIST_KEY_UIApplicationSupportsIndirectInputEvents = YES;
				INFOPLIST_KEY_UILaunchScreen_Generation = YES;
				INFOPLIST_KEY_UISupportedInterfaceOrientations_iPad = "UIInterfaceOrientationPortrait UIInterfaceOrientationPortraitUpsideDown UIInterfaceOrientationLandscapeLeft UIInterfaceOrientationLandscapeRight";
				INFOPLIST_KEY_UISupportedInterfaceOrientations_iPhone = "UIInterfaceOrientationPortrait UIInterfaceOrientationLandscapeLeft UIInterfaceOrientationLandscapeRight";
				LD_RUNPATH_SEARCH_PATHS = (
					"$(inherited)",
					"@executable_path/Frameworks",
				);
				MARKETING_VERSION = 1.0;
				PRODUCT_BUNDLE_IDENTIFIER = "eiki-ogawa-x-power.co.jp.MyCamera";
				PRODUCT_NAME = "$(TARGET_NAME)";
				SWIFT_EMIT_LOC_STRINGS = YES;
				SWIFT_VERSION = 5.0;
				TARGETED_DEVICE_FAMILY = "1,2";
			};
			name = Release;
		};
		C598C76329CBE11D006210CA /* Debug */ = {
			isa = XCBuildConfiguration;
			buildSettings = {
				ALWAYS_EMBED_SWIFT_STANDARD_LIBRARIES = YES;
				BUNDLE_LOADER = "$(TEST_HOST)";
				CODE_SIGN_STYLE = Automatic;
				CURRENT_PROJECT_VERSION = 1;
				DEVELOPMENT_TEAM = 7PU4G736RJ;
				GENERATE_INFOPLIST_FILE = YES;
				IPHONEOS_DEPLOYMENT_TARGET = 16.2;
				MARKETING_VERSION = 1.0;
				PRODUCT_BUNDLE_IDENTIFIER = "eiki-ogawa-x-power.co.jp.MyCameraTests";
				PRODUCT_NAME = "$(TARGET_NAME)";
				SWIFT_EMIT_LOC_STRINGS = NO;
				SWIFT_VERSION = 5.0;
				TARGETED_DEVICE_FAMILY = "1,2";
				TEST_HOST = "$(BUILT_PRODUCTS_DIR)/MyCamera.app/$(BUNDLE_EXECUTABLE_FOLDER_PATH)/MyCamera";
			};
			name = Debug;
		};
		C598C76429CBE11D006210CA /* Release */ = {
			isa = XCBuildConfiguration;
			buildSettings = {
				ALWAYS_EMBED_SWIFT_STANDARD_LIBRARIES = YES;
				BUNDLE_LOADER = "$(TEST_HOST)";
				CODE_SIGN_STYLE = Automatic;
				CURRENT_PROJECT_VERSION = 1;
				DEVELOPMENT_TEAM = 7PU4G736RJ;
				GENERATE_INFOPLIST_FILE = YES;
				IPHONEOS_DEPLOYMENT_TARGET = 16.2;
				MARKETING_VERSION = 1.0;
				PRODUCT_BUNDLE_IDENTIFIER = "eiki-ogawa-x-power.co.jp.MyCameraTests";
				PRODUCT_NAME = "$(TARGET_NAME)";
				SWIFT_EMIT_LOC_STRINGS = NO;
				SWIFT_VERSION = 5.0;
				TARGETED_DEVICE_FAMILY = "1,2";
				TEST_HOST = "$(BUILT_PRODUCTS_DIR)/MyCamera.app/$(BUNDLE_EXECUTABLE_FOLDER_PATH)/MyCamera";
			};
			name = Release;
		};
		C598C76629CBE11D006210CA /* Debug */ = {
			isa = XCBuildConfiguration;
			buildSettings = {
				ALWAYS_EMBED_SWIFT_STANDARD_LIBRARIES = YES;
				CODE_SIGN_STYLE = Automatic;
				CURRENT_PROJECT_VERSION = 1;
				DEVELOPMENT_TEAM = 7PU4G736RJ;
				GENERATE_INFOPLIST_FILE = YES;
				MARKETING_VERSION = 1.0;
				PRODUCT_BUNDLE_IDENTIFIER = "eiki-ogawa-x-power.co.jp.MyCameraUITests";
				PRODUCT_NAME = "$(TARGET_NAME)";
				SWIFT_EMIT_LOC_STRINGS = NO;
				SWIFT_VERSION = 5.0;
				TARGETED_DEVICE_FAMILY = "1,2";
				TEST_TARGET_NAME = MyCamera;
			};
			name = Debug;
		};
		C598C76729CBE11D006210CA /* Release */ = {
			isa = XCBuildConfiguration;
			buildSettings = {
				ALWAYS_EMBED_SWIFT_STANDARD_LIBRARIES = YES;
				CODE_SIGN_STYLE = Automatic;
				CURRENT_PROJECT_VERSION = 1;
				DEVELOPMENT_TEAM = 7PU4G736RJ;
				GENERATE_INFOPLIST_FILE = YES;
				MARKETING_VERSION = 1.0;
				PRODUCT_BUNDLE_IDENTIFIER = "eiki-ogawa-x-power.co.jp.MyCameraUITests";
				PRODUCT_NAME = "$(TARGET_NAME)";
				SWIFT_EMIT_LOC_STRINGS = NO;
				SWIFT_VERSION = 5.0;
				TARGETED_DEVICE_FAMILY = "1,2";
				TEST_TARGET_NAME = MyCamera;
			};
			name = Release;
		};
/* End XCBuildConfiguration section */

/* Begin XCConfigurationList section */
		C598C73629CBE11B006210CA /* Build configuration list for PBXProject "MyCamera" */ = {
			isa = XCConfigurationList;
			buildConfigurations = (
				C598C75D29CBE11D006210CA /* Debug */,
				C598C75E29CBE11D006210CA /* Release */,
			);
			defaultConfigurationIsVisible = 0;
			defaultConfigurationName = Release;
		};
		C598C75F29CBE11D006210CA /* Build configuration list for PBXNativeTarget "MyCamera" */ = {
			isa = XCConfigurationList;
			buildConfigurations = (
				C598C76029CBE11D006210CA /* Debug */,
				C598C76129CBE11D006210CA /* Release */,
			);
			defaultConfigurationIsVisible = 0;
			defaultConfigurationName = Release;
		};
		C598C76229CBE11D006210CA /* Build configuration list for PBXNativeTarget "MyCameraTests" */ = {
			isa = XCConfigurationList;
			buildConfigurations = (
				C598C76329CBE11D006210CA /* Debug */,
				C598C76429CBE11D006210CA /* Release */,
			);
			defaultConfigurationIsVisible = 0;
			defaultConfigurationName = Release;
		};
		C598C76529CBE11D006210CA /* Build configuration list for PBXNativeTarget "MyCameraUITests" */ = {
			isa = XCConfigurationList;
			buildConfigurations = (
				C598C76629CBE11D006210CA /* Debug */,
				C598C76729CBE11D006210CA /* Release */,
			);
			defaultConfigurationIsVisible = 0;
			defaultConfigurationName = Release;
		};
/* End XCConfigurationList section */
	};
	rootObject = C598C73329CBE11B006210CA /* Project object */;
}
